
Microsoft Visual Studio Solution File, Format Version 12.00
# Visual Studio Version 16
VisualStudioVersion = 16.0.30330.147
MinimumVisualStudioVersion = 10.0.40219.1
Project("{FAE04EC0-301F-11D3-BF4B-00C04F79EFBC}") = "IHM.UWP", "IHM.UWP\IHM.UWP.csproj", "{34ACE9DD-EFA6-42E0-896E-F67F5BD22CB6}"
EndProject
Project("{FAE04EC0-301F-11D3-BF4B-00C04F79EFBC}") = "IHM.Android", "IHM.Android\IHM.Android.csproj", "{409C2D4D-0B32-45F5-B955-2612B8FC4E22}"
EndProject
Project("{FAE04EC0-301F-11D3-BF4B-00C04F79EFBC}") = "IHM.iOS", "IHM.iOS\IHM.iOS.csproj", "{7EFEBA09-92B8-41D0-BE56-DCD576EF8C42}"
EndProject
Project("{FAE04EC0-301F-11D3-BF4B-00C04F79EFBC}") = "IHM", "IHM\IHM.csproj", "{3A4E1F9A-8CB9-4532-A8A4-31C1CB965D4E}"
EndProject
Global
	GlobalSection(SolutionConfigurationPlatforms) = preSolution
		Debug|Any CPU = Debug|Any CPU
		Debug|ARM = Debug|ARM
		Debug|iPhone = Debug|iPhone
		Debug|iPhoneSimulator = Debug|iPhoneSimulator
		Debug|x64 = Debug|x64
		Debug|x86 = Debug|x86
		Release|Any CPU = Release|Any CPU
		Release|ARM = Release|ARM
		Release|iPhone = Release|iPhone
		Release|iPhoneSimulator = Release|iPhoneSimulator
		Release|x64 = Release|x64
		Release|x86 = Release|x86
	EndGlobalSection
	GlobalSection(ProjectConfigurationPlatforms) = postSolution
		{34ACE9DD-EFA6-42E0-896E-F67F5BD22CB6}.Debug|Any CPU.ActiveCfg = Debug|x86
		{34ACE9DD-EFA6-42E0-896E-F67F5BD22CB6}.Debug|Any CPU.Build.0 = Debug|x86
		{34ACE9DD-EFA6-42E0-896E-F67F5BD22CB6}.Debug|Any CPU.Deploy.0 = Debug|x86
		{34ACE9DD-EFA6-42E0-896E-F67F5BD22CB6}.Debug|ARM.ActiveCfg = Debug|ARM
		{34ACE9DD-EFA6-42E0-896E-F67F5BD22CB6}.Debug|ARM.Build.0 = Debug|ARM
		{34ACE9DD-EFA6-42E0-896E-F67F5BD22CB6}.Debug|ARM.Deploy.0 = Debug|ARM
		{34ACE9DD-EFA6-42E0-896E-F67F5BD22CB6}.Debug|iPhone.ActiveCfg = Debug|x86
		{34ACE9DD-EFA6-42E0-896E-F67F5BD22CB6}.Debug|iPhone.Build.0 = Debug|x86
		{34ACE9DD-EFA6-42E0-896E-F67F5BD22CB6}.Debug|iPhone.Deploy.0 = Debug|x86
		{34ACE9DD-EFA6-42E0-896E-F67F5BD22CB6}.Debug|iPhoneSimulator.ActiveCfg = Debug|x86
		{34ACE9DD-EFA6-42E0-896E-F67F5BD22CB6}.Debug|iPhoneSimulator.Build.0 = Debug|x86
		{34ACE9DD-EFA6-42E0-896E-F67F5BD22CB6}.Debug|iPhoneSimulator.Deploy.0 = Debug|x86
		{34ACE9DD-EFA6-42E0-896E-F67F5BD22CB6}.Debug|x64.ActiveCfg = Debug|x64
		{34ACE9DD-EFA6-42E0-896E-F67F5BD22CB6}.Debug|x64.Build.0 = Debug|x64
		{34ACE9DD-EFA6-42E0-896E-F67F5BD22CB6}.Debug|x64.Deploy.0 = Debug|x64
		{34ACE9DD-EFA6-42E0-896E-F67F5BD22CB6}.Debug|x86.ActiveCfg = Debug|x86
		{34ACE9DD-EFA6-42E0-896E-F67F5BD22CB6}.Debug|x86.Build.0 = Debug|x86
		{34ACE9DD-EFA6-42E0-896E-F67F5BD22CB6}.Debug|x86.Deploy.0 = Debug|x86
		{34ACE9DD-EFA6-42E0-896E-F67F5BD22CB6}.Release|Any CPU.ActiveCfg = Release|x86
		{34ACE9DD-EFA6-42E0-896E-F67F5BD22CB6}.Release|Any CPU.Build.0 = Release|x86
		{34ACE9DD-EFA6-42E0-896E-F67F5BD22CB6}.Release|Any CPU.Deploy.0 = Release|x86
		{34ACE9DD-EFA6-42E0-896E-F67F5BD22CB6}.Release|ARM.ActiveCfg = Release|ARM
		{34ACE9DD-EFA6-42E0-896E-F67F5BD22CB6}.Release|ARM.Build.0 = Release|ARM
		{34ACE9DD-EFA6-42E0-896E-F67F5BD22CB6}.Release|ARM.Deploy.0 = Release|ARM
		{34ACE9DD-EFA6-42E0-896E-F67F5BD22CB6}.Release|iPhone.ActiveCfg = Release|x86
		{34ACE9DD-EFA6-42E0-896E-F67F5BD22CB6}.Release|iPhone.Build.0 = Release|x86
		{34ACE9DD-EFA6-42E0-896E-F67F5BD22CB6}.Release|iPhone.Deploy.0 = Release|x86
		{34ACE9DD-EFA6-42E0-896E-F67F5BD22CB6}.Release|iPhoneSimulator.ActiveCfg = Release|x86
		{34ACE9DD-EFA6-42E0-896E-F67F5BD22CB6}.Release|iPhoneSimulator.Build.0 = Release|x86
		{34ACE9DD-EFA6-42E0-896E-F67F5BD22CB6}.Release|iPhoneSimulator.Deploy.0 = Release|x86
		{34ACE9DD-EFA6-42E0-896E-F67F5BD22CB6}.Release|x64.ActiveCfg = Release|x64
		{34ACE9DD-EFA6-42E0-896E-F67F5BD22CB6}.Release|x64.Build.0 = Release|x64
		{34ACE9DD-EFA6-42E0-896E-F67F5BD22CB6}.Release|x64.Deploy.0 = Release|x64
		{34ACE9DD-EFA6-42E0-896E-F67F5BD22CB6}.Release|x86.ActiveCfg = Release|x86
		{34ACE9DD-EFA6-42E0-896E-F67F5BD22CB6}.Release|x86.Build.0 = Release|x86
		{34ACE9DD-EFA6-42E0-896E-F67F5BD22CB6}.Release|x86.Deploy.0 = Release|x86
		{409C2D4D-0B32-45F5-B955-2612B8FC4E22}.Debug|Any CPU.ActiveCfg = Debug|Any CPU
		{409C2D4D-0B32-45F5-B955-2612B8FC4E22}.Debug|Any CPU.Build.0 = Debug|Any CPU
		{409C2D4D-0B32-45F5-B955-2612B8FC4E22}.Debug|Any CPU.Deploy.0 = Debug|Any CPU
		{409C2D4D-0B32-45F5-B955-2612B8FC4E22}.Debug|ARM.ActiveCfg = Debug|Any CPU
		{409C2D4D-0B32-45F5-B955-2612B8FC4E22}.Debug|ARM.Build.0 = Debug|Any CPU
		{409C2D4D-0B32-45F5-B955-2612B8FC4E22}.Debug|ARM.Deploy.0 = Debug|Any CPU
		{409C2D4D-0B32-45F5-B955-2612B8FC4E22}.Debug|iPhone.ActiveCfg = Debug|Any CPU
		{409C2D4D-0B32-45F5-B955-2612B8FC4E22}.Debug|iPhone.Build.0 = Debug|Any CPU
		{409C2D4D-0B32-45F5-B955-2612B8FC4E22}.Debug|iPhone.Deploy.0 = Debug|Any CPU
		{409C2D4D-0B32-45F5-B955-2612B8FC4E22}.Debug|iPhoneSimulator.ActiveCfg = Debug|Any CPU
		{409C2D4D-0B32-45F5-B955-2612B8FC4E22}.Debug|iPhoneSimulator.Build.0 = Debug|Any CPU
		{409C2D4D-0B32-45F5-B955-2612B8FC4E22}.Debug|iPhoneSimulator.Deploy.0 = Debug|Any CPU
		{409C2D4D-0B32-45F5-B955-2612B8FC4E22}.Debug|x64.ActiveCfg = Debug|Any CPU
		{409C2D4D-0B32-45F5-B955-2612B8FC4E22}.Debug|x64.Build.0 = Debug|Any CPU
		{409C2D4D-0B32-45F5-B955-2612B8FC4E22}.Debug|x64.Deploy.0 = Debug|Any CPU
		{409C2D4D-0B32-45F5-B955-2612B8FC4E22}.Debug|x86.ActiveCfg = Debug|Any CPU
		{409C2D4D-0B32-45F5-B955-2612B8FC4E22}.Debug|x86.Build.0 = Debug|Any CPU
		{409C2D4D-0B32-45F5-B955-2612B8FC4E22}.Debug|x86.Deploy.0 = Debug|Any CPU
		{409C2D4D-0B32-45F5-B955-2612B8FC4E22}.Release|Any CPU.ActiveCfg = Release|Any CPU
		{409C2D4D-0B32-45F5-B955-2612B8FC4E22}.Release|Any CPU.Build.0 = Release|Any CPU
		{409C2D4D-0B32-45F5-B955-2612B8FC4E22}.Release|Any CPU.Deploy.0 = Release|Any CPU
		{409C2D4D-0B32-45F5-B955-2612B8FC4E22}.Release|ARM.ActiveCfg = Release|Any CPU
		{409C2D4D-0B32-45F5-B955-2612B8FC4E22}.Release|ARM.Build.0 = Release|Any CPU
		{409C2D4D-0B32-45F5-B955-2612B8FC4E22}.Release|ARM.Deploy.0 = Release|Any CPU
		{409C2D4D-0B32-45F5-B955-2612B8FC4E22}.Release|iPhone.ActiveCfg = Release|Any CPU
		{409C2D4D-0B32-45F5-B955-2612B8FC4E22}.Release|iPhone.Build.0 = Release|Any CPU
		{409C2D4D-0B32-45F5-B955-2612B8FC4E22}.Release|iPhone.Deploy.0 = Release|Any CPU
		{409C2D4D-0B32-45F5-B955-2612B8FC4E22}.Release|iPhoneSimulator.ActiveCfg = Release|Any CPU
		{409C2D4D-0B32-45F5-B955-2612B8FC4E22}.Release|iPhoneSimulator.Build.0 = Release|Any CPU
		{409C2D4D-0B32-45F5-B955-2612B8FC4E22}.Release|iPhoneSimulator.Deploy.0 = Release|Any CPU
		{409C2D4D-0B32-45F5-B955-2612B8FC4E22}.Release|x64.ActiveCfg = Release|Any CPU
		{409C2D4D-0B32-45F5-B955-2612B8FC4E22}.Release|x64.Build.0 = Release|Any CPU
		{409C2D4D-0B32-45F5-B955-2612B8FC4E22}.Release|x64.Deploy.0 = Release|Any CPU
		{409C2D4D-0B32-45F5-B955-2612B8FC4E22}.Release|x86.ActiveCfg = Release|Any CPU
		{409C2D4D-0B32-45F5-B955-2612B8FC4E22}.Release|x86.Build.0 = Release|Any CPU
		{409C2D4D-0B32-45F5-B955-2612B8FC4E22}.Release|x86.Deploy.0 = Release|Any CPU
		{7EFEBA09-92B8-41D0-BE56-DCD576EF8C42}.Debug|Any CPU.ActiveCfg = Debug|iPhone
		{7EFEBA09-92B8-41D0-BE56-DCD576EF8C42}.Debug|Any CPU.Build.0 = Debug|iPhone
		{7EFEBA09-92B8-41D0-BE56-DCD576EF8C42}.Debug|Any CPU.Deploy.0 = Debug|iPhone
		{7EFEBA09-92B8-41D0-BE56-DCD576EF8C42}.Debug|ARM.ActiveCfg = Debug|iPhone
		{7EFEBA09-92B8-41D0-BE56-DCD576EF8C42}.Debug|ARM.Build.0 = Debug|iPhone
		{7EFEBA09-92B8-41D0-BE56-DCD576EF8C42}.Debug|ARM.Deploy.0 = Debug|iPhone
		{7EFEBA09-92B8-41D0-BE56-DCD576EF8C42}.Debug|iPhone.ActiveCfg = Debug|iPhone
		{7EFEBA09-92B8-41D0-BE56-DCD576EF8C42}.Debug|iPhone.Build.0 = Debug|iPhone
		{7EFEBA09-92B8-41D0-BE56-DCD576EF8C42}.Debug|iPhone.Deploy.0 = Debug|iPhone
		{7EFEBA09-92B8-41D0-BE56-DCD576EF8C42}.Debug|iPhoneSimulator.ActiveCfg = Debug|iPhoneSimulator
		{7EFEBA09-92B8-41D0-BE56-DCD576EF8C42}.Debug|iPhoneSimulator.Build.0 = Debug|iPhoneSimulator
		{7EFEBA09-92B8-41D0-BE56-DCD576EF8C42}.Debug|iPhoneSimulator.Deploy.0 = Debug|iPhoneSimulator
		{7EFEBA09-92B8-41D0-BE56-DCD576EF8C42}.Debug|x64.ActiveCfg = Debug|iPhone
		{7EFEBA09-92B8-41D0-BE56-DCD576EF8C42}.Debug|x64.Build.0 = Debug|iPhone
		{7EFEBA09-92B8-41D0-BE56-DCD576EF8C42}.Debug|x64.Deploy.0 = Debug|iPhone
		{7EFEBA09-92B8-41D0-BE56-DCD576EF8C42}.Debug|x86.ActiveCfg = Debug|iPhone
		{7EFEBA09-92B8-41D0-BE56-DCD576EF8C42}.Debug|x86.Build.0 = Debug|iPhone
		{7EFEBA09-92B8-41D0-BE56-DCD576EF8C42}.Debug|x86.Deploy.0 = Debug|iPhone
		{7EFEBA09-92B8-41D0-BE56-DCD576EF8C42}.Release|Any CPU.ActiveCfg = Release|iPhone
		{7EFEBA09-92B8-41D0-BE56-DCD576EF8C42}.Release|Any CPU.Build.0 = Release|iPhone
		{7EFEBA09-92B8-41D0-BE56-DCD576EF8C42}.Release|Any CPU.Deploy.0 = Release|iPhone
		{7EFEBA09-92B8-41D0-BE56-DCD576EF8C42}.Release|ARM.ActiveCfg = Release|iPhone
		{7EFEBA09-92B8-41D0-BE56-DCD576EF8C42}.Release|ARM.Build.0 = Release|iPhone
		{7EFEBA09-92B8-41D0-BE56-DCD576EF8C42}.Release|ARM.Deploy.0 = Release|iPhone
		{7EFEBA09-92B8-41D0-BE56-DCD576EF8C42}.Release|iPhone.ActiveCfg = Release|iPhone
		{7EFEBA09-92B8-41D0-BE56-DCD576EF8C42}.Release|iPhone.Build.0 = Release|iPhone
		{7EFEBA09-92B8-41D0-BE56-DCD576EF8C42}.Release|iPhone.Deploy.0 = Release|iPhone
		{7EFEBA09-92B8-41D0-BE56-DCD576EF8C42}.Release|iPhoneSimulator.ActiveCfg = Release|iPhoneSimulator
		{7EFEBA09-92B8-41D0-BE56-DCD576EF8C42}.Release|iPhoneSimulator.Build.0 = Release|iPhoneSimulator
		{7EFEBA09-92B8-41D0-BE56-DCD576EF8C42}.Release|iPhoneSimulator.Deploy.0 = Release|iPhoneSimulator
		{7EFEBA09-92B8-41D0-BE56-DCD576EF8C42}.Release|x64.ActiveCfg = Release|iPhone
		{7EFEBA09-92B8-41D0-BE56-DCD576EF8C42}.Release|x64.Build.0 = Release|iPhone
		{7EFEBA09-92B8-41D0-BE56-DCD576EF8C42}.Release|x64.Deploy.0 = Release|iPhone
		{7EFEBA09-92B8-41D0-BE56-DCD576EF8C42}.Release|x86.ActiveCfg = Release|iPhone
		{7EFEBA09-92B8-41D0-BE56-DCD576EF8C42}.Release|x86.Build.0 = Release|iPhone
		{7EFEBA09-92B8-41D0-BE56-DCD576EF8C42}.Release|x86.Deploy.0 = Release|iPhone
		{3A4E1F9A-8CB9-4532-A8A4-31C1CB965D4E}.Debug|Any CPU.ActiveCfg = Debug|Any CPU
		{3A4E1F9A-8CB9-4532-A8A4-31C1CB965D4E}.Debug|Any CPU.Build.0 = Debug|Any CPU
		{3A4E1F9A-8CB9-4532-A8A4-31C1CB965D4E}.Debug|Any CPU.Deploy.0 = Debug|Any CPU
		{3A4E1F9A-8CB9-4532-A8A4-31C1CB965D4E}.Debug|ARM.ActiveCfg = Debug|Any CPU
		{3A4E1F9A-8CB9-4532-A8A4-31C1CB965D4E}.Debug|ARM.Build.0 = Debug|Any CPU
		{3A4E1F9A-8CB9-4532-A8A4-31C1CB965D4E}.Debug|ARM.Deploy.0 = Debug|Any CPU
		{3A4E1F9A-8CB9-4532-A8A4-31C1CB965D4E}.Debug|iPhone.ActiveCfg = Debug|Any CPU
		{3A4E1F9A-8CB9-4532-A8A4-31C1CB965D4E}.Debug|iPhone.Build.0 = Debug|Any CPU
		{3A4E1F9A-8CB9-4532-A8A4-31C1CB965D4E}.Debug|iPhone.Deploy.0 = Debug|Any CPU
		{3A4E1F9A-8CB9-4532-A8A4-31C1CB965D4E}.Debug|iPhoneSimulator.ActiveCfg = Debug|Any CPU
		{3A4E1F9A-8CB9-4532-A8A4-31C1CB965D4E}.Debug|iPhoneSimulator.Build.0 = Debug|Any CPU
		{3A4E1F9A-8CB9-4532-A8A4-31C1CB965D4E}.Debug|iPhoneSimulator.Deploy.0 = Debug|Any CPU
		{3A4E1F9A-8CB9-4532-A8A4-31C1CB965D4E}.Debug|x64.ActiveCfg = Debug|Any CPU
		{3A4E1F9A-8CB9-4532-A8A4-31C1CB965D4E}.Debug|x64.Build.0 = Debug|Any CPU
		{3A4E1F9A-8CB9-4532-A8A4-31C1CB965D4E}.Debug|x64.Deploy.0 = Debug|Any CPU
		{3A4E1F9A-8CB9-4532-A8A4-31C1CB965D4E}.Debug|x86.ActiveCfg = Debug|Any CPU
		{3A4E1F9A-8CB9-4532-A8A4-31C1CB965D4E}.Debug|x86.Build.0 = Debug|Any CPU
		{3A4E1F9A-8CB9-4532-A8A4-31C1CB965D4E}.Debug|x86.Deploy.0 = Debug|Any CPU
		{3A4E1F9A-8CB9-4532-A8A4-31C1CB965D4E}.Release|Any CPU.ActiveCfg = Release|Any CPU
		{3A4E1F9A-8CB9-4532-A8A4-31C1CB965D4E}.Release|Any CPU.Build.0 = Release|Any CPU
		{3A4E1F9A-8CB9-4532-A8A4-31C1CB965D4E}.Release|Any CPU.Deploy.0 = Release|Any CPU
		{3A4E1F9A-8CB9-4532-A8A4-31C1CB965D4E}.Release|ARM.ActiveCfg = Release|Any CPU
		{3A4E1F9A-8CB9-4532-A8A4-31C1CB965D4E}.Release|ARM.Build.0 = Release|Any CPU
		{3A4E1F9A-8CB9-4532-A8A4-31C1CB965D4E}.Release|ARM.Deploy.0 = Release|Any CPU
		{3A4E1F9A-8CB9-4532-A8A4-31C1CB965D4E}.Release|iPhone.ActiveCfg = Release|Any CPU
		{3A4E1F9A-8CB9-4532-A8A4-31C1CB965D4E}.Release|iPhone.Build.0 = Release|Any CPU
		{3A4E1F9A-8CB9-4532-A8A4-31C1CB965D4E}.Release|iPhone.Deploy.0 = Release|Any CPU
		{3A4E1F9A-8CB9-4532-A8A4-31C1CB965D4E}.Release|iPhoneSimulator.ActiveCfg = Release|Any CPU
		{3A4E1F9A-8CB9-4532-A8A4-31C1CB965D4E}.Release|iPhoneSimulator.Build.0 = Release|Any CPU
		{3A4E1F9A-8CB9-4532-A8A4-31C1CB965D4E}.Release|iPhoneSimulator.Deploy.0 = Release|Any CPU
		{3A4E1F9A-8CB9-4532-A8A4-31C1CB965D4E}.Release|x64.ActiveCfg = Release|Any CPU
		{3A4E1F9A-8CB9-4532-A8A4-31C1CB965D4E}.Release|x64.Build.0 = Release|Any CPU
		{3A4E1F9A-8CB9-4532-A8A4-31C1CB965D4E}.Release|x64.Deploy.0 = Release|Any CPU
		{3A4E1F9A-8CB9-4532-A8A4-31C1CB965D4E}.Release|x86.ActiveCfg = Release|Any CPU
		{3A4E1F9A-8CB9-4532-A8A4-31C1CB965D4E}.Release|x86.Build.0 = Release|Any CPU
		{3A4E1F9A-8CB9-4532-A8A4-31C1CB965D4E}.Release|x86.Deploy.0 = Release|Any CPU
	EndGlobalSection
	GlobalSection(SolutionProperties) = preSolution
		HideSolutionNode = FALSE
	EndGlobalSection
	GlobalSection(ExtensibilityGlobals) = postSolution
		SolutionGuid = {EB8F115C-C2A4-442B-B44B-42594140065F}
	EndGlobalSection
EndGlobal
